{
    "_readme": [
        "This file locks the dependencies of your project to a known state",
        "Read more about it at http://getcomposer.org/doc/01-basic-usage.md#composer-lock-the-lock-file"
    ],
    "hash": "ea2033b8b0ef7cc6e566f3fb06a27636",
    "packages": [
        {
            "name": "adri/php-vcr",
            "version": "dev-master",
            "source": {
                "type": "git",
                "url": "https://github.com/adri/php-vcr.git",
                "reference": "7b7ec3a93db0737d46b5d25776e24d175df9fecf"
            },
            "dist": {
                "type": "zip",
                "url": "https://api.github.com/repos/adri/php-vcr/zipball/7b7ec3a93db0737d46b5d25776e24d175df9fecf",
                "reference": "7b7ec3a93db0737d46b5d25776e24d175df9fecf",
                "shasum": ""
            },
            "require": {
                "beberlei/assert": "dev-master",
                "ext-curl": "*",
                "guzzle/http": "3.4.*@dev",
                "guzzle/plugin-backoff": "3.4.*@dev",
                "php": ">=5.3.15",
                "symfony/yaml": "2.3.*@dev"
            },
            "require-dev": {
                "guzzle/plugin-mock": "3.4.*@dev",
                "mikey179/vfsstream": "dev-master"
            },
            "suggest": {
                "ext-runkit": "*"
            },
            "type": "library",
            "autoload": {
                "classmap": [
                    "src/"
                ]
            },
            "notification-url": "https://packagist.org/downloads/",
            "license": [
                "MIT"
            ],
            "authors": [
                {
                    "name": "Adrian Philipp",
                    "email": "mail@adrian-philipp.com"
                }
            ],
            "description": "Record your test suite's HTTP interactions and replay them during future test runs for fast, deterministic, accurate tests.",
            "time": "2013-05-15 03:58:09"
        },
        {
            "name": "beberlei/assert",
            "version": "dev-master",
            "source": {
                "type": "git",
                "url": "https://github.com/beberlei/assert.git",
                "reference": "d76458b2ee96fad6459127d804c1538b995b5376"
            },
            "dist": {
                "type": "zip",
                "url": "https://api.github.com/repos/beberlei/assert/zipball/d76458b2ee96fad6459127d804c1538b995b5376",
                "reference": "d76458b2ee96fad6459127d804c1538b995b5376",
                "shasum": ""
            },
            "require": {
                "ext-mbstring": "*"
            },
            "type": "library",
            "autoload": {
                "psr-0": {
                    "Assert": "lib/"
                }
            },
            "notification-url": "https://packagist.org/downloads/",
            "authors": [
                {
                    "name": "Benjamin Eberlei",
                    "email": "kontakt@beberlei.de"
                }
            ],
            "description": "Thin assertion library for input validation in business models.",
            "keywords": [
                "assert",
                "assertion",
                "validation"
            ],
            "time": "2013-02-02 13:17:41"
        },
        {
            "name": "guzzle/common",
            "version": "v3.4.3",
            "target-dir": "Guzzle/Common",
            "source": {
                "type": "git",
                "url": "https://github.com/guzzle/common.git",
                "reference": "v3.4.3"
            },
            "dist": {
                "type": "zip",
                "url": "https://api.github.com/repos/guzzle/common/zipball/v3.4.3",
                "reference": "v3.4.3",
                "shasum": ""
            },
            "require": {
                "php": ">=5.3.2",
                "symfony/event-dispatcher": ">=2.1"
            },
            "type": "library",
            "extra": {
                "branch-alias": {
                    "dev-master": "3.4-dev"
                }
            },
            "autoload": {
                "psr-0": {
                    "Guzzle\\Common": ""
                }
            },
            "notification-url": "https://packagist.org/downloads/",
            "license": [
                "MIT"
            ],
            "description": "Common libraries used by Guzzle",
            "homepage": "http://guzzlephp.org/",
            "keywords": [
                "collection",
                "common",
                "event",
                "exception"
            ],
            "time": "2013-04-30 20:30:19"
        },
        {
            "name": "guzzle/http",
            "version": "v3.4.3",
            "target-dir": "Guzzle/Http",
            "source": {
                "type": "git",
                "url": "https://github.com/guzzle/http.git",
                "reference": "v3.4.3"
            },
            "dist": {
                "type": "zip",
                "url": "https://api.github.com/repos/guzzle/http/zipball/v3.4.3",
                "reference": "v3.4.3",
                "shasum": ""
            },
            "require": {
                "guzzle/common": "self.version",
                "guzzle/parser": "self.version",
                "guzzle/stream": "self.version",
                "php": ">=5.3.2"
            },
            "suggest": {
                "ext-curl": "*"
            },
            "type": "library",
            "extra": {
                "branch-alias": {
                    "dev-master": "3.4-dev"
                }
            },
            "autoload": {
                "psr-0": {
                    "Guzzle\\Http": ""
                }
            },
            "notification-url": "https://packagist.org/downloads/",
            "license": [
                "MIT"
            ],
            "authors": [
                {
                    "name": "Michael Dowling",
                    "email": "mtdowling@gmail.com",
                    "homepage": "https://github.com/mtdowling"
                }
            ],
            "description": "HTTP libraries used by Guzzle",
            "homepage": "http://guzzlephp.org/",
            "keywords": [
                "Guzzle",
                "client",
                "curl",
                "http",
                "http client"
            ],
            "time": "2013-04-30 20:30:19"
        },
        {
            "name": "guzzle/log",
            "version": "v3.4.3",
            "target-dir": "Guzzle/Log",
            "source": {
                "type": "git",
                "url": "https://github.com/guzzle/log.git",
                "reference": "v3.4.3"
            },
            "dist": {
                "type": "zip",
                "url": "https://api.github.com/repos/guzzle/log/zipball/v3.4.3",
                "reference": "v3.4.3",
                "shasum": ""
            },
            "require": {
                "php": ">=5.3.2"
            },
            "suggest": {
                "guzzle/http": "v3.4.3"
            },
            "type": "library",
            "extra": {
                "branch-alias": {
                    "dev-master": "3.4-dev"
                }
            },
            "autoload": {
                "psr-0": {
                    "Guzzle\\Log": ""
                }
            },
            "notification-url": "https://packagist.org/downloads/",
            "license": [
                "MIT"
            ],
            "authors": [
                {
                    "name": "Michael Dowling",
                    "email": "mtdowling@gmail.com",
                    "homepage": "https://github.com/mtdowling"
                }
            ],
            "description": "Guzzle log adapter component",
            "homepage": "http://guzzlephp.org/",
            "keywords": [
                "Guzzle",
                "adapter",
                "log"
            ],
            "time": "2013-04-26 15:47:38"
        },
        {
            "name": "guzzle/parser",
            "version": "v3.4.3",
            "target-dir": "Guzzle/Parser",
            "source": {
                "type": "git",
                "url": "https://github.com/guzzle/parser.git",
                "reference": "v3.4.3"
            },
            "dist": {
                "type": "zip",
                "url": "https://api.github.com/repos/guzzle/parser/zipball/v3.4.3",
                "reference": "v3.4.3",
                "shasum": ""
            },
            "require": {
                "php": ">=5.3.2"
            },
            "type": "library",
            "extra": {
                "branch-alias": {
                    "dev-master": "3.4-dev"
                }
            },
            "autoload": {
                "psr-0": {
                    "Guzzle\\Parser": ""
                }
            },
            "notification-url": "https://packagist.org/downloads/",
            "license": [
                "MIT"
            ],
            "description": "Interchangeable parsers used by Guzzle",
            "homepage": "http://guzzlephp.org/",
            "keywords": [
                "URI Template",
                "cookie",
                "http",
                "message",
                "url"
            ],
            "time": "2013-04-26 15:47:38"
        },
        {
            "name": "guzzle/plugin-backoff",
            "version": "v3.4.3",
            "target-dir": "Guzzle/Plugin/Backoff",
            "source": {
                "type": "git",
                "url": "https://github.com/guzzle/plugin-backoff.git",
                "reference": "v3.4.3"
            },
            "dist": {
                "type": "zip",
                "url": "https://api.github.com/repos/guzzle/plugin-backoff/zipball/v3.4.3",
                "reference": "v3.4.3",
                "shasum": ""
            },
            "require": {
                "guzzle/http": "self.version",
                "guzzle/log": "self.version",
                "php": ">=5.3.2"
            },
            "type": "library",
            "extra": {
                "branch-alias": {
                    "dev-master": "3.4-dev"
                }
            },
            "autoload": {
                "psr-0": {
                    "Guzzle\\Plugin\\Backoff": ""
                }
            },
            "notification-url": "https://packagist.org/downloads/",
            "license": [
                "MIT"
            ],
            "authors": [
                {
                    "name": "Michael Dowling",
                    "email": "mtdowling@gmail.com",
                    "homepage": "https://github.com/mtdowling"
                }
            ],
            "description": "Guzzle backoff retry plugins",
            "homepage": "http://guzzlephp.org/",
            "keywords": [
                "Guzzle",
                "plugin"
            ],
            "time": "2013-04-26 15:47:38"
        },
        {
            "name": "guzzle/stream",
            "version": "v3.4.3",
            "target-dir": "Guzzle/Stream",
            "source": {
                "type": "git",
                "url": "https://github.com/guzzle/stream.git",
                "reference": "v3.4.3"
            },
            "dist": {
                "type": "zip",
                "url": "https://api.github.com/repos/guzzle/stream/zipball/v3.4.3",
                "reference": "v3.4.3",
                "shasum": ""
            },
            "require": {
                "guzzle/common": "self.version",
                "php": ">=5.3.2"
            },
            "suggest": {
                "guzzle/http": "To convert Guzzle request objects to PHP streams"
            },
            "type": "library",
            "extra": {
                "branch-alias": {
                    "dev-master": "3.4-dev"
                }
            },
            "autoload": {
                "psr-0": {
                    "Guzzle\\Stream": ""
                }
            },
            "notification-url": "https://packagist.org/downloads/",
            "license": [
                "MIT"
            ],
            "authors": [
                {
                    "name": "Michael Dowling",
                    "email": "mtdowling@gmail.com",
                    "homepage": "https://github.com/mtdowling"
                }
            ],
            "description": "Guzzle stream wrapper component",
            "homepage": "http://guzzlephp.org/",
            "keywords": [
                "Guzzle",
                "component",
                "stream"
            ],
            "time": "2013-04-26 15:47:38"
        },
        {
            "name": "symfony/event-dispatcher",
            "version": "dev-master",
            "target-dir": "Symfony/Component/EventDispatcher",
            "source": {
                "type": "git",
                "url": "https://github.com/symfony/EventDispatcher.git",
                "reference": "2d84c66c090ed676f9ac60a46b9366d4dd80a523"
            },
            "dist": {
                "type": "zip",
                "url": "https://api.github.com/repos/symfony/EventDispatcher/zipball/2d84c66c090ed676f9ac60a46b9366d4dd80a523",
                "reference": "2d84c66c090ed676f9ac60a46b9366d4dd80a523",
                "shasum": ""
            },
            "require": {
                "php": ">=5.3.3"
            },
            "require-dev": {
                "symfony/dependency-injection": ">=2.0,<3.0"
            },
            "suggest": {
                "symfony/dependency-injection": "",
                "symfony/http-kernel": ""
            },
            "type": "library",
            "extra": {
                "branch-alias": {
                    "dev-master": "2.3-dev"
                }
            },
            "autoload": {
                "psr-0": {
                    "Symfony\\Component\\EventDispatcher\\": ""
                }
            },
            "notification-url": "https://packagist.org/downloads/",
            "license": [
                "MIT"
            ],
            "authors": [
                {
                    "name": "Fabien Potencier",
                    "email": "fabien@symfony.com"
                },
                {
                    "name": "Symfony Community",
                    "homepage": "http://symfony.com/contributors"
                }
            ],
            "description": "Symfony EventDispatcher Component",
            "homepage": "http://symfony.com",
            "time": "2013-05-13 14:36:40"
        },
        {
            "name": "symfony/yaml",
            "version": "dev-master",
            "target-dir": "Symfony/Component/Yaml",
            "source": {
                "type": "git",
                "url": "https://github.com/symfony/Yaml.git",
                "reference": "030e5f857f4089912ea3ee01d84ef41bc9a961a4"
            },
            "dist": {
                "type": "zip",
                "url": "https://api.github.com/repos/symfony/Yaml/zipball/030e5f857f4089912ea3ee01d84ef41bc9a961a4",
                "reference": "030e5f857f4089912ea3ee01d84ef41bc9a961a4",
                "shasum": ""
            },
            "require": {
                "php": ">=5.3.3"
            },
            "type": "library",
            "extra": {
                "branch-alias": {
                    "dev-master": "2.3-dev"
                }
            },
            "autoload": {
                "psr-0": {
                    "Symfony\\Component\\Yaml\\": ""
                }
            },
            "notification-url": "https://packagist.org/downloads/",
            "license": [
                "MIT"
            ],
            "authors": [
                {
                    "name": "Fabien Potencier",
                    "email": "fabien@symfony.com"
                },
                {
                    "name": "Symfony Community",
                    "homepage": "http://symfony.com/contributors"
                }
            ],
            "description": "Symfony Yaml Component",
            "homepage": "http://symfony.com",
            "time": "2013-05-10 18:12:13"
        }
    ],
    "packages-dev": [

    ],
    "aliases": [

    ],
    "minimum-stability": "dev",
    "stability-flags": {
        "adri/php-vcr": 20
    },
    "platform": {
        "php": ">=5.3.15"
    },
    "platform-dev": [

    ]
}
